
Microsoft Visual Studio Solution File, Format Version 12.00
# Visual Studio Version 16
VisualStudioVersion = 16.0.29009.5
MinimumVisualStudioVersion = 10.0.40219.1
Project("{FAE04EC0-301F-11D3-BF4B-00C04F79EFBC}") = "WebApplication2", "WebApplication2\WebApplication2.csproj", "{68866370-51CE-44FE-83B8-7A614D55E20C}"
EndProject
Project("{FAE04EC0-301F-11D3-BF4B-00C04F79EFBC}") = "WebApplication2.Data", "WebApplication2.Data\WebApplication2.Data.csproj", "{80E666F5-D5F2-4087-BDD1-F21CF7AF20FE}"
EndProject
Project("{FAE04EC0-301F-11D3-BF4B-00C04F79EFBC}") = "WebApplication2.Domain", "WebApplication2.Domain\WebApplication2.Domain.csproj", "{6BF79BE8-2122-4A4C-BD5A-41C814678AE1}"
EndProject
Global
	GlobalSection(SolutionConfigurationPlatforms) = preSolution
		Debug|Any CPU = Debug|Any CPU
		Release|Any CPU = Release|Any CPU
	EndGlobalSection
	GlobalSection(ProjectConfigurationPlatforms) = postSolution
		{68866370-51CE-44FE-83B8-7A614D55E20C}.Debug|Any CPU.ActiveCfg = Debug|Any CPU
		{68866370-51CE-44FE-83B8-7A614D55E20C}.Debug|Any CPU.Build.0 = Debug|Any CPU
		{68866370-51CE-44FE-83B8-7A614D55E20C}.Release|Any CPU.ActiveCfg = Release|Any CPU
		{68866370-51CE-44FE-83B8-7A614D55E20C}.Release|Any CPU.Build.0 = Release|Any CPU
		{80E666F5-D5F2-4087-BDD1-F21CF7AF20FE}.Debug|Any CPU.ActiveCfg = Debug|Any CPU
		{80E666F5-D5F2-4087-BDD1-F21CF7AF20FE}.Debug|Any CPU.Build.0 = Debug|Any CPU
		{80E666F5-D5F2-4087-BDD1-F21CF7AF20FE}.Release|Any CPU.ActiveCfg = Release|Any CPU
		{80E666F5-D5F2-4087-BDD1-F21CF7AF20FE}.Release|Any CPU.Build.0 = Release|Any CPU
		{6BF79BE8-2122-4A4C-BD5A-41C814678AE1}.Debug|Any CPU.ActiveCfg = Debug|Any CPU
		{6BF79BE8-2122-4A4C-BD5A-41C814678AE1}.Debug|Any CPU.Build.0 = Debug|Any CPU
		{6BF79BE8-2122-4A4C-BD5A-41C814678AE1}.Release|Any CPU.ActiveCfg = Release|Any CPU
		{6BF79BE8-2122-4A4C-BD5A-41C814678AE1}.Release|Any CPU.Build.0 = Release|Any CPU
	EndGlobalSection
	GlobalSection(SolutionProperties) = preSolution
		HideSolutionNode = FALSE
	EndGlobalSection
	GlobalSection(ExtensibilityGlobals) = postSolution
		SolutionGuid = {2227D0D2-DF22-4D10-90A9-0CD5CF41C865}
	EndGlobalSection
EndGlobal
